
Microsoft Visual Studio Solution File, Format Version 12.00
# Visual Studio Version 17
VisualStudioVersion = 17.0.31903.59
MinimumVisualStudioVersion = 10.0.40219.1
Project("{2150E333-8FDC-42A3-9474-1A3956D46DE8}") = "src", "src", "{C3B18ED6-C901-49BD-A417-B28A660CE50A}"
EndProject
Project("{FAE04EC0-301F-11D3-BF4B-00C04F79EFBC}") = "Nyanbyte.PPCheck.Lib", "src\Nyanbyte.PPCheck.Lib\Nyanbyte.PPCheck.Lib.csproj", "{02AFAE01-FBD5-49EE-8D3F-329CDA5FEA79}"
EndProject
Global
	GlobalSection(SolutionConfigurationPlatforms) = preSolution
		Debug|Any CPU = Debug|Any CPU
		Release|Any CPU = Release|Any CPU
	EndGlobalSection
	GlobalSection(SolutionProperties) = preSolution
		HideSolutionNode = FALSE
	EndGlobalSection
	GlobalSection(ProjectConfigurationPlatforms) = postSolution
		{02AFAE01-FBD5-49EE-8D3F-329CDA5FEA79}.Debug|Any CPU.ActiveCfg = Debug|Any CPU
		{02AFAE01-FBD5-49EE-8D3F-329CDA5FEA79}.Debug|Any CPU.Build.0 = Debug|Any CPU
		{02AFAE01-FBD5-49EE-8D3F-329CDA5FEA79}.Release|Any CPU.ActiveCfg = Release|Any CPU
		{02AFAE01-FBD5-49EE-8D3F-329CDA5FEA79}.Release|Any CPU.Build.0 = Release|Any CPU
	EndGlobalSection
	GlobalSection(NestedProjects) = preSolution
		{02AFAE01-FBD5-49EE-8D3F-329CDA5FEA79} = {C3B18ED6-C901-49BD-A417-B28A660CE50A}
	EndGlobalSection
EndGlobal
